
Microsoft Visual Studio Solution File, Format Version 12.00
# Visual Studio Version 16
VisualStudioVersion = 16.0.31424.327
MinimumVisualStudioVersion = 10.0.40219.1
Project("{2150E333-8FDC-42A3-9474-1A3956D46DE8}") = "Client", "Client", "{2D64E2F2-AC3D-4399-B77D-81F995975E30}"
EndProject
Project("{2150E333-8FDC-42A3-9474-1A3956D46DE8}") = "Src", "Src", "{BF66CBF3-958F-49EA-A6E9-58D2782A4B8C}"
EndProject
Project("{FAE04EC0-301F-11D3-BF4B-00C04F79EFBC}") = "Sepid.DeviceManagerTest.Client", "Sepid.DeviceManagerTest.Client\Sepid.DeviceManagerTest.Client.csproj", "{6494959E-75B0-4A3F-A13F-71762F9FB494}"
EndProject
Project("{2150E333-8FDC-42A3-9474-1A3956D46DE8}") = "Shared", "Shared", "{5D5F0F78-6669-42EE-A9BA-3615CCEA637C}"
EndProject
Project("{FAE04EC0-301F-11D3-BF4B-00C04F79EFBC}") = "DeviceManagerTest.Common", "DeviceManagerTest.Common\DeviceManagerTest.Common.csproj", "{F887C9AB-A470-4AA1-B732-B9B5FD302126}"
EndProject
Project("{FAE04EC0-301F-11D3-BF4B-00C04F79EFBC}") = "ZK", "ZK\ZK.csproj", "{B294E15D-1511-4872-AC5B-E07C4B5900BD}"
EndProject
Project("{2150E333-8FDC-42A3-9474-1A3956D46DE8}") = "ZK", "ZK", "{A85EAF5C-0789-4A91-B156-616B9A6D2924}"
EndProject
Project("{2150E333-8FDC-42A3-9474-1A3956D46DE8}") = "Device", "Device", "{304D4B10-907F-4CBA-82C7-B64D82FA07BB}"
EndProject
Project("{FAE04EC0-301F-11D3-BF4B-00C04F79EFBC}") = "Sepid.DeviceManagerTest.Persistence", "Sepid.DeviceManagerTest.Persistence\Sepid.DeviceManagerTest.Persistence.csproj", "{E82583F3-4A27-4829-B892-21BCE96DB5F2}"
EndProject
Project("{FAE04EC0-301F-11D3-BF4B-00C04F79EFBC}") = "Sepid.DeviceManagerTest.Application", "Sepid.DeviceManagerTest.Application\Sepid.DeviceManagerTest.Application.csproj", "{D59CCA97-9EF3-47D6-8F20-5B02FF6C2DE9}"
EndProject
Project("{FAE04EC0-301F-11D3-BF4B-00C04F79EFBC}") = "Sepid.DeviceManagerTest.Api", "Sepid.DeviceManagerTest.Api\Sepid.DeviceManagerTest.Api.csproj", "{9F071F52-7CAE-49B6-929C-3209774630B2}"
EndProject
Global
	GlobalSection(SolutionConfigurationPlatforms) = preSolution
		Debug|Any CPU = Debug|Any CPU
		Debug|x86 = Debug|x86
		Release|Any CPU = Release|Any CPU
		Release|x86 = Release|x86
	EndGlobalSection
	GlobalSection(ProjectConfigurationPlatforms) = postSolution
		{6494959E-75B0-4A3F-A13F-71762F9FB494}.Debug|Any CPU.ActiveCfg = Debug|Any CPU
		{6494959E-75B0-4A3F-A13F-71762F9FB494}.Debug|Any CPU.Build.0 = Debug|Any CPU
		{6494959E-75B0-4A3F-A13F-71762F9FB494}.Debug|x86.ActiveCfg = Debug|Any CPU
		{6494959E-75B0-4A3F-A13F-71762F9FB494}.Debug|x86.Build.0 = Debug|Any CPU
		{6494959E-75B0-4A3F-A13F-71762F9FB494}.Release|Any CPU.ActiveCfg = Release|Any CPU
		{6494959E-75B0-4A3F-A13F-71762F9FB494}.Release|Any CPU.Build.0 = Release|Any CPU
		{6494959E-75B0-4A3F-A13F-71762F9FB494}.Release|x86.ActiveCfg = Release|Any CPU
		{6494959E-75B0-4A3F-A13F-71762F9FB494}.Release|x86.Build.0 = Release|Any CPU
		{F887C9AB-A470-4AA1-B732-B9B5FD302126}.Debug|Any CPU.ActiveCfg = Debug|Any CPU
		{F887C9AB-A470-4AA1-B732-B9B5FD302126}.Debug|Any CPU.Build.0 = Debug|Any CPU
		{F887C9AB-A470-4AA1-B732-B9B5FD302126}.Debug|x86.ActiveCfg = Debug|Any CPU
		{F887C9AB-A470-4AA1-B732-B9B5FD302126}.Debug|x86.Build.0 = Debug|Any CPU
		{F887C9AB-A470-4AA1-B732-B9B5FD302126}.Release|Any CPU.ActiveCfg = Release|Any CPU
		{F887C9AB-A470-4AA1-B732-B9B5FD302126}.Release|Any CPU.Build.0 = Release|Any CPU
		{F887C9AB-A470-4AA1-B732-B9B5FD302126}.Release|x86.ActiveCfg = Release|Any CPU
		{F887C9AB-A470-4AA1-B732-B9B5FD302126}.Release|x86.Build.0 = Release|Any CPU
		{B294E15D-1511-4872-AC5B-E07C4B5900BD}.Debug|Any CPU.ActiveCfg = Debug|Any CPU
		{B294E15D-1511-4872-AC5B-E07C4B5900BD}.Debug|Any CPU.Build.0 = Debug|Any CPU
		{B294E15D-1511-4872-AC5B-E07C4B5900BD}.Debug|x86.ActiveCfg = Debug|Any CPU
		{B294E15D-1511-4872-AC5B-E07C4B5900BD}.Debug|x86.Build.0 = Debug|Any CPU
		{B294E15D-1511-4872-AC5B-E07C4B5900BD}.Release|Any CPU.ActiveCfg = Release|Any CPU
		{B294E15D-1511-4872-AC5B-E07C4B5900BD}.Release|Any CPU.Build.0 = Release|Any CPU
		{B294E15D-1511-4872-AC5B-E07C4B5900BD}.Release|x86.ActiveCfg = Release|Any CPU
		{B294E15D-1511-4872-AC5B-E07C4B5900BD}.Release|x86.Build.0 = Release|Any CPU
		{E82583F3-4A27-4829-B892-21BCE96DB5F2}.Debug|Any CPU.ActiveCfg = Debug|Any CPU
		{E82583F3-4A27-4829-B892-21BCE96DB5F2}.Debug|Any CPU.Build.0 = Debug|Any CPU
		{E82583F3-4A27-4829-B892-21BCE96DB5F2}.Debug|x86.ActiveCfg = Debug|Any CPU
		{E82583F3-4A27-4829-B892-21BCE96DB5F2}.Debug|x86.Build.0 = Debug|Any CPU
		{E82583F3-4A27-4829-B892-21BCE96DB5F2}.Release|Any CPU.ActiveCfg = Release|Any CPU
		{E82583F3-4A27-4829-B892-21BCE96DB5F2}.Release|Any CPU.Build.0 = Release|Any CPU
		{E82583F3-4A27-4829-B892-21BCE96DB5F2}.Release|x86.ActiveCfg = Release|Any CPU
		{E82583F3-4A27-4829-B892-21BCE96DB5F2}.Release|x86.Build.0 = Release|Any CPU
		{D59CCA97-9EF3-47D6-8F20-5B02FF6C2DE9}.Debug|Any CPU.ActiveCfg = Debug|Any CPU
		{D59CCA97-9EF3-47D6-8F20-5B02FF6C2DE9}.Debug|Any CPU.Build.0 = Debug|Any CPU
		{D59CCA97-9EF3-47D6-8F20-5B02FF6C2DE9}.Debug|x86.ActiveCfg = Debug|Any CPU
		{D59CCA97-9EF3-47D6-8F20-5B02FF6C2DE9}.Debug|x86.Build.0 = Debug|Any CPU
		{D59CCA97-9EF3-47D6-8F20-5B02FF6C2DE9}.Release|Any CPU.ActiveCfg = Release|Any CPU
		{D59CCA97-9EF3-47D6-8F20-5B02FF6C2DE9}.Release|Any CPU.Build.0 = Release|Any CPU
		{D59CCA97-9EF3-47D6-8F20-5B02FF6C2DE9}.Release|x86.ActiveCfg = Release|Any CPU
		{D59CCA97-9EF3-47D6-8F20-5B02FF6C2DE9}.Release|x86.Build.0 = Release|Any CPU
		{9F071F52-7CAE-49B6-929C-3209774630B2}.Debug|Any CPU.ActiveCfg = Debug|Any CPU
		{9F071F52-7CAE-49B6-929C-3209774630B2}.Debug|Any CPU.Build.0 = Debug|Any CPU
		{9F071F52-7CAE-49B6-929C-3209774630B2}.Debug|x86.ActiveCfg = Debug|x86
		{9F071F52-7CAE-49B6-929C-3209774630B2}.Debug|x86.Build.0 = Debug|x86
		{9F071F52-7CAE-49B6-929C-3209774630B2}.Release|Any CPU.ActiveCfg = Release|Any CPU
		{9F071F52-7CAE-49B6-929C-3209774630B2}.Release|Any CPU.Build.0 = Release|Any CPU
		{9F071F52-7CAE-49B6-929C-3209774630B2}.Release|x86.ActiveCfg = Release|x86
		{9F071F52-7CAE-49B6-929C-3209774630B2}.Release|x86.Build.0 = Release|x86
	EndGlobalSection
	GlobalSection(SolutionProperties) = preSolution
		HideSolutionNode = FALSE
	EndGlobalSection
	GlobalSection(NestedProjects) = preSolution
		{6494959E-75B0-4A3F-A13F-71762F9FB494} = {2D64E2F2-AC3D-4399-B77D-81F995975E30}
		{5D5F0F78-6669-42EE-A9BA-3615CCEA637C} = {BF66CBF3-958F-49EA-A6E9-58D2782A4B8C}
		{F887C9AB-A470-4AA1-B732-B9B5FD302126} = {5D5F0F78-6669-42EE-A9BA-3615CCEA637C}
		{B294E15D-1511-4872-AC5B-E07C4B5900BD} = {A85EAF5C-0789-4A91-B156-616B9A6D2924}
		{A85EAF5C-0789-4A91-B156-616B9A6D2924} = {BF66CBF3-958F-49EA-A6E9-58D2782A4B8C}
		{304D4B10-907F-4CBA-82C7-B64D82FA07BB} = {BF66CBF3-958F-49EA-A6E9-58D2782A4B8C}
		{E82583F3-4A27-4829-B892-21BCE96DB5F2} = {304D4B10-907F-4CBA-82C7-B64D82FA07BB}
		{D59CCA97-9EF3-47D6-8F20-5B02FF6C2DE9} = {304D4B10-907F-4CBA-82C7-B64D82FA07BB}
		{9F071F52-7CAE-49B6-929C-3209774630B2} = {304D4B10-907F-4CBA-82C7-B64D82FA07BB}
	EndGlobalSection
	GlobalSection(ExtensibilityGlobals) = postSolution
		SolutionGuid = {F397194D-87B4-445D-BA18-3AEEC609A393}
	EndGlobalSection
EndGlobal
